
Microsoft Visual Studio Solution File, Format Version 11.00
# Visual Studio 2010
Project("{FAE04EC0-301F-11D3-BF4B-00C04F79EFBC}") = "HotLineWTC", "Assembly-CSharp.csproj", "{DBC3B5D2-B56C-B6CB-79DF-5AC52670F4F1}"
EndProject
Project("{FAE04EC0-301F-11D3-BF4B-00C04F79EFBC}") = "HotLineWTC", "Assembly-CSharp-Editor.csproj", "{87E4C612-9268-94A4-2CBD-221E17CD1840}"
EndProject
Global
	GlobalSection(SolutionConfigurationPlatforms) = preSolution
		Debug|Any CPU = Debug|Any CPU
		Release|Any CPU = Release|Any CPU
	EndGlobalSection
	GlobalSection(ProjectConfigurationPlatforms) = postSolution
		{DBC3B5D2-B56C-B6CB-79DF-5AC52670F4F1}.Debug|Any CPU.ActiveCfg = Debug|Any CPU
		{DBC3B5D2-B56C-B6CB-79DF-5AC52670F4F1}.Debug|Any CPU.Build.0 = Debug|Any CPU
		{DBC3B5D2-B56C-B6CB-79DF-5AC52670F4F1}.Release|Any CPU.ActiveCfg = Release|Any CPU
		{DBC3B5D2-B56C-B6CB-79DF-5AC52670F4F1}.Release|Any CPU.Build.0 = Release|Any CPU
		{87E4C612-9268-94A4-2CBD-221E17CD1840}.Debug|Any CPU.ActiveCfg = Debug|Any CPU
		{87E4C612-9268-94A4-2CBD-221E17CD1840}.Debug|Any CPU.Build.0 = Debug|Any CPU
		{87E4C612-9268-94A4-2CBD-221E17CD1840}.Release|Any CPU.ActiveCfg = Release|Any CPU
		{87E4C612-9268-94A4-2CBD-221E17CD1840}.Release|Any CPU.Build.0 = Release|Any CPU
	EndGlobalSection
	GlobalSection(SolutionProperties) = preSolution
		HideSolutionNode = FALSE
	EndGlobalSection
	GlobalSection(MonoDevelopProperties) = preSolution
		StartupItem = Assembly-CSharp.csproj
	EndGlobalSection
EndGlobal
